
Microsoft Visual Studio Solution File, Format Version 12.00
# Visual Studio 15
VisualStudioVersion = 15.0.28307.168
MinimumVisualStudioVersion = 10.0.40219.1
Project("{FAE04EC0-301F-11D3-BF4B-00C04F79EFBC}") = "Delegate", "Delegate\Delegate.csproj", "{FDE76AD0-2569-4D6E-B72E-2D0DF9C06C8C}"
EndProject
Global
	GlobalSection(SolutionConfigurationPlatforms) = preSolution
		Debug|Any CPU = Debug|Any CPU
		Release|Any CPU = Release|Any CPU
	EndGlobalSection
	GlobalSection(ProjectConfigurationPlatforms) = postSolution
		{FDE76AD0-2569-4D6E-B72E-2D0DF9C06C8C}.Debug|Any CPU.ActiveCfg = Debug|Any CPU
		{FDE76AD0-2569-4D6E-B72E-2D0DF9C06C8C}.Debug|Any CPU.Build.0 = Debug|Any CPU
		{FDE76AD0-2569-4D6E-B72E-2D0DF9C06C8C}.Release|Any CPU.ActiveCfg = Release|Any CPU
		{FDE76AD0-2569-4D6E-B72E-2D0DF9C06C8C}.Release|Any CPU.Build.0 = Release|Any CPU
	EndGlobalSection
	GlobalSection(SolutionProperties) = preSolution
		HideSolutionNode = FALSE
	EndGlobalSection
	GlobalSection(ExtensibilityGlobals) = postSolution
		SolutionGuid = {1E1B8538-9EBE-468A-82C4-8690BCAE3A4A}
	EndGlobalSection
EndGlobal
